
Microsoft Visual Studio Solution File, Format Version 12.00
Project("{FAE04EC0-301F-11D3-BF4B-00C04F79EFBC}") = "EntityFrameworkCore.DynamoDb", "src\EntityFrameworkCore.DynamoDb\EntityFrameworkCore.DynamoDb.csproj", "{E514A48F-3AA4-415B-825A-816140558AC0}"
EndProject
Project("{2150E333-8FDC-42A3-9474-1A3956D46DE8}") = "src", "src", "{CBE9909F-FE59-44C6-B942-0FDB36B0B4A3}"
EndProject
Project("{2150E333-8FDC-42A3-9474-1A3956D46DE8}") = "tests", "tests", "{FF8F7576-116E-420F-91CE-660E1A5B68CA}"
EndProject
Project("{FAE04EC0-301F-11D3-BF4B-00C04F79EFBC}") = "EntityFrameworkCore.DynamoDb.Tests.Unit", "tests\EntityFrameworkCore.DynamoDb.Tests.Unit\EntityFrameworkCore.DynamoDb.Tests.Unit.csproj", "{F75ABB0B-505F-4858-AA97-528F871878E6}"
EndProject
Project("{FAE04EC0-301F-11D3-BF4B-00C04F79EFBC}") = "Playground", "tests\Playground\Playground.csproj", "{FDBCE7F6-B6D7-457C-BF5D-C5B5ECBBE7F0}"
EndProject
Global
	GlobalSection(SolutionConfigurationPlatforms) = preSolution
		Debug|Any CPU = Debug|Any CPU
		Release|Any CPU = Release|Any CPU
	EndGlobalSection
	GlobalSection(ProjectConfigurationPlatforms) = postSolution
		{E514A48F-3AA4-415B-825A-816140558AC0}.Debug|Any CPU.ActiveCfg = Debug|Any CPU
		{E514A48F-3AA4-415B-825A-816140558AC0}.Debug|Any CPU.Build.0 = Debug|Any CPU
		{E514A48F-3AA4-415B-825A-816140558AC0}.Release|Any CPU.ActiveCfg = Release|Any CPU
		{E514A48F-3AA4-415B-825A-816140558AC0}.Release|Any CPU.Build.0 = Release|Any CPU
		{F75ABB0B-505F-4858-AA97-528F871878E6}.Debug|Any CPU.ActiveCfg = Debug|Any CPU
		{F75ABB0B-505F-4858-AA97-528F871878E6}.Debug|Any CPU.Build.0 = Debug|Any CPU
		{F75ABB0B-505F-4858-AA97-528F871878E6}.Release|Any CPU.ActiveCfg = Release|Any CPU
		{F75ABB0B-505F-4858-AA97-528F871878E6}.Release|Any CPU.Build.0 = Release|Any CPU
		{FDBCE7F6-B6D7-457C-BF5D-C5B5ECBBE7F0}.Debug|Any CPU.ActiveCfg = Debug|Any CPU
		{FDBCE7F6-B6D7-457C-BF5D-C5B5ECBBE7F0}.Debug|Any CPU.Build.0 = Debug|Any CPU
		{FDBCE7F6-B6D7-457C-BF5D-C5B5ECBBE7F0}.Release|Any CPU.ActiveCfg = Release|Any CPU
		{FDBCE7F6-B6D7-457C-BF5D-C5B5ECBBE7F0}.Release|Any CPU.Build.0 = Release|Any CPU
	EndGlobalSection
	GlobalSection(NestedProjects) = preSolution
		{E514A48F-3AA4-415B-825A-816140558AC0} = {CBE9909F-FE59-44C6-B942-0FDB36B0B4A3}
		{F75ABB0B-505F-4858-AA97-528F871878E6} = {FF8F7576-116E-420F-91CE-660E1A5B68CA}
		{FDBCE7F6-B6D7-457C-BF5D-C5B5ECBBE7F0} = {FF8F7576-116E-420F-91CE-660E1A5B68CA}
	EndGlobalSection
EndGlobal
